
Microsoft Visual Studio Solution File, Format Version 11.00
# Visual Studio 2010
Project("{FAE04EC0-301F-11D3-BF4B-00C04F79EFBC}") = "Heizung_Interface_Vaillant_V_0_1", "Heizung_Interface_Vaillant\Heizung_Interface_Vaillant_V_0_1.csproj", "{63796871-B580-4E40-BF25-ED650E380884}"
EndProject
Project("{FAE04EC0-301F-11D3-BF4B-00C04F79EFBC}") = "Heizung_Interface_Vaillant_V_1", "Heizung_Interface_Vaillant_V_1\Heizung_Interface_Vaillant_V_1.csproj", "{8CF09804-3472-4C7C-ACB0-1DDC249C6E29}"
EndProject
Project("{FAE04EC0-301F-11D3-BF4B-00C04F79EFBC}") = "Heizung_Interface_Vaillant_V_2", "Heizung_Interface_Vaillant_V_2\Heizung_Interface_Vaillant_V_2.csproj", "{B0192801-EBED-4A5F-AAF2-D0CC4D29ADB4}"
EndProject
Project("{FAE04EC0-301F-11D3-BF4B-00C04F79EFBC}") = "SerialTest", "SerialTest\SerialTest.csproj", "{A2D3425F-D8CC-4285-B733-66AF0FA7F71E}"
EndProject
Project("{8BC9CEB8-8B4A-11D0-8D11-00A0C91BC942}") = "ebus_DataLogger", "ebus_DataLogger\ebus_DataLogger.vcxproj", "{D7B3B53F-7255-4C41-906F-E2AA931A6F78}"
EndProject
Global
	GlobalSection(SolutionConfigurationPlatforms) = preSolution
		Debug|Mixed Platforms = Debug|Mixed Platforms
		Debug|Win32 = Debug|Win32
		Debug|x86 = Debug|x86
		Release|Mixed Platforms = Release|Mixed Platforms
		Release|Win32 = Release|Win32
		Release|x86 = Release|x86
	EndGlobalSection
	GlobalSection(ProjectConfigurationPlatforms) = postSolution
		{63796871-B580-4E40-BF25-ED650E380884}.Debug|Mixed Platforms.ActiveCfg = Debug|x86
		{63796871-B580-4E40-BF25-ED650E380884}.Debug|Mixed Platforms.Build.0 = Debug|x86
		{63796871-B580-4E40-BF25-ED650E380884}.Debug|Win32.ActiveCfg = Debug|x86
		{63796871-B580-4E40-BF25-ED650E380884}.Debug|x86.ActiveCfg = Debug|x86
		{63796871-B580-4E40-BF25-ED650E380884}.Debug|x86.Build.0 = Debug|x86
		{63796871-B580-4E40-BF25-ED650E380884}.Release|Mixed Platforms.ActiveCfg = Release|x86
		{63796871-B580-4E40-BF25-ED650E380884}.Release|Mixed Platforms.Build.0 = Release|x86
		{63796871-B580-4E40-BF25-ED650E380884}.Release|Win32.ActiveCfg = Release|x86
		{63796871-B580-4E40-BF25-ED650E380884}.Release|x86.ActiveCfg = Release|x86
		{63796871-B580-4E40-BF25-ED650E380884}.Release|x86.Build.0 = Release|x86
		{8CF09804-3472-4C7C-ACB0-1DDC249C6E29}.Debug|Mixed Platforms.ActiveCfg = Debug|x86
		{8CF09804-3472-4C7C-ACB0-1DDC249C6E29}.Debug|Mixed Platforms.Build.0 = Debug|x86
		{8CF09804-3472-4C7C-ACB0-1DDC249C6E29}.Debug|Win32.ActiveCfg = Debug|x86
		{8CF09804-3472-4C7C-ACB0-1DDC249C6E29}.Debug|x86.ActiveCfg = Debug|x86
		{8CF09804-3472-4C7C-ACB0-1DDC249C6E29}.Debug|x86.Build.0 = Debug|x86
		{8CF09804-3472-4C7C-ACB0-1DDC249C6E29}.Release|Mixed Platforms.ActiveCfg = Release|x86
		{8CF09804-3472-4C7C-ACB0-1DDC249C6E29}.Release|Mixed Platforms.Build.0 = Release|x86
		{8CF09804-3472-4C7C-ACB0-1DDC249C6E29}.Release|Win32.ActiveCfg = Release|x86
		{8CF09804-3472-4C7C-ACB0-1DDC249C6E29}.Release|x86.ActiveCfg = Release|x86
		{8CF09804-3472-4C7C-ACB0-1DDC249C6E29}.Release|x86.Build.0 = Release|x86
		{B0192801-EBED-4A5F-AAF2-D0CC4D29ADB4}.Debug|Mixed Platforms.ActiveCfg = Debug|x86
		{B0192801-EBED-4A5F-AAF2-D0CC4D29ADB4}.Debug|Mixed Platforms.Build.0 = Debug|x86
		{B0192801-EBED-4A5F-AAF2-D0CC4D29ADB4}.Debug|Win32.ActiveCfg = Debug|x86
		{B0192801-EBED-4A5F-AAF2-D0CC4D29ADB4}.Debug|x86.ActiveCfg = Debug|x86
		{B0192801-EBED-4A5F-AAF2-D0CC4D29ADB4}.Debug|x86.Build.0 = Debug|x86
		{B0192801-EBED-4A5F-AAF2-D0CC4D29ADB4}.Release|Mixed Platforms.ActiveCfg = Release|x86
		{B0192801-EBED-4A5F-AAF2-D0CC4D29ADB4}.Release|Mixed Platforms.Build.0 = Release|x86
		{B0192801-EBED-4A5F-AAF2-D0CC4D29ADB4}.Release|Win32.ActiveCfg = Release|x86
		{B0192801-EBED-4A5F-AAF2-D0CC4D29ADB4}.Release|x86.ActiveCfg = Release|x86
		{B0192801-EBED-4A5F-AAF2-D0CC4D29ADB4}.Release|x86.Build.0 = Release|x86
		{A2D3425F-D8CC-4285-B733-66AF0FA7F71E}.Debug|Mixed Platforms.ActiveCfg = Debug|x86
		{A2D3425F-D8CC-4285-B733-66AF0FA7F71E}.Debug|Mixed Platforms.Build.0 = Debug|x86
		{A2D3425F-D8CC-4285-B733-66AF0FA7F71E}.Debug|Win32.ActiveCfg = Debug|x86
		{A2D3425F-D8CC-4285-B733-66AF0FA7F71E}.Debug|x86.ActiveCfg = Debug|x86
		{A2D3425F-D8CC-4285-B733-66AF0FA7F71E}.Debug|x86.Build.0 = Debug|x86
		{A2D3425F-D8CC-4285-B733-66AF0FA7F71E}.Release|Mixed Platforms.ActiveCfg = Release|x86
		{A2D3425F-D8CC-4285-B733-66AF0FA7F71E}.Release|Mixed Platforms.Build.0 = Release|x86
		{A2D3425F-D8CC-4285-B733-66AF0FA7F71E}.Release|Win32.ActiveCfg = Release|x86
		{A2D3425F-D8CC-4285-B733-66AF0FA7F71E}.Release|x86.ActiveCfg = Release|x86
		{A2D3425F-D8CC-4285-B733-66AF0FA7F71E}.Release|x86.Build.0 = Release|x86
		{D7B3B53F-7255-4C41-906F-E2AA931A6F78}.Debug|Mixed Platforms.ActiveCfg = Debug|Win32
		{D7B3B53F-7255-4C41-906F-E2AA931A6F78}.Debug|Mixed Platforms.Build.0 = Debug|Win32
		{D7B3B53F-7255-4C41-906F-E2AA931A6F78}.Debug|Win32.ActiveCfg = Debug|Win32
		{D7B3B53F-7255-4C41-906F-E2AA931A6F78}.Debug|Win32.Build.0 = Debug|Win32
		{D7B3B53F-7255-4C41-906F-E2AA931A6F78}.Debug|x86.ActiveCfg = Debug|Win32
		{D7B3B53F-7255-4C41-906F-E2AA931A6F78}.Release|Mixed Platforms.ActiveCfg = Release|Win32
		{D7B3B53F-7255-4C41-906F-E2AA931A6F78}.Release|Mixed Platforms.Build.0 = Release|Win32
		{D7B3B53F-7255-4C41-906F-E2AA931A6F78}.Release|Win32.ActiveCfg = Release|Win32
		{D7B3B53F-7255-4C41-906F-E2AA931A6F78}.Release|Win32.Build.0 = Release|Win32
		{D7B3B53F-7255-4C41-906F-E2AA931A6F78}.Release|x86.ActiveCfg = Release|Win32
	EndGlobalSection
	GlobalSection(SolutionProperties) = preSolution
		HideSolutionNode = FALSE
	EndGlobalSection
EndGlobal
